
Microsoft Visual Studio Solution File, Format Version 12.00
# Visual Studio Version 16
VisualStudioVersion = 16.0.28606.126
MinimumVisualStudioVersion = 10.0.40219.1
Project("{9A19103F-16F7-4668-BE54-9A1E7A4F7556}") = "MLCore", "MLCore\MLCore.csproj", "{BACCACFD-A24B-4542-9764-85846E5A9607}"
EndProject
Project("{888888A0-9F3D-457C-B088-3A5042F75D52}") = "PyEnvir", "PyEnvir\PyEnvir.pyproj", "{B1BE48C2-9A8E-4FDD-836E-256026A0D104}"
EndProject
Project("{9A19103F-16F7-4668-BE54-9A1E7A4F7556}") = "ImbalanceCalculator", "ImbalanceCalculator\ImbalanceCalculator.csproj", "{552CDDBE-E58E-4E9E-96B3-3EE5592992BF}"
EndProject
Project("{FAE04EC0-301F-11D3-BF4B-00C04F79EFBC}") = "SimpleBeta", "SimpleBeta\SimpleBeta.csproj", "{7F854EB7-2250-4E49-95C9-74E6C750FB5C}"
EndProject
Global
	GlobalSection(SolutionConfigurationPlatforms) = preSolution
		Debug|Any CPU = Debug|Any CPU
		Debug|x64 = Debug|x64
		Release|Any CPU = Release|Any CPU
		Release|x64 = Release|x64
	EndGlobalSection
	GlobalSection(ProjectConfigurationPlatforms) = postSolution
		{BACCACFD-A24B-4542-9764-85846E5A9607}.Debug|Any CPU.ActiveCfg = Debug|Any CPU
		{BACCACFD-A24B-4542-9764-85846E5A9607}.Debug|Any CPU.Build.0 = Debug|Any CPU
		{BACCACFD-A24B-4542-9764-85846E5A9607}.Debug|x64.ActiveCfg = Debug|Any CPU
		{BACCACFD-A24B-4542-9764-85846E5A9607}.Debug|x64.Build.0 = Debug|Any CPU
		{BACCACFD-A24B-4542-9764-85846E5A9607}.Release|Any CPU.ActiveCfg = Release|Any CPU
		{BACCACFD-A24B-4542-9764-85846E5A9607}.Release|Any CPU.Build.0 = Release|Any CPU
		{BACCACFD-A24B-4542-9764-85846E5A9607}.Release|x64.ActiveCfg = Release|Any CPU
		{BACCACFD-A24B-4542-9764-85846E5A9607}.Release|x64.Build.0 = Release|Any CPU
		{B1BE48C2-9A8E-4FDD-836E-256026A0D104}.Debug|Any CPU.ActiveCfg = Debug|Any CPU
		{B1BE48C2-9A8E-4FDD-836E-256026A0D104}.Debug|x64.ActiveCfg = Debug|Any CPU
		{B1BE48C2-9A8E-4FDD-836E-256026A0D104}.Release|Any CPU.ActiveCfg = Release|Any CPU
		{B1BE48C2-9A8E-4FDD-836E-256026A0D104}.Release|x64.ActiveCfg = Release|Any CPU
		{552CDDBE-E58E-4E9E-96B3-3EE5592992BF}.Debug|Any CPU.ActiveCfg = Debug|Any CPU
		{552CDDBE-E58E-4E9E-96B3-3EE5592992BF}.Debug|Any CPU.Build.0 = Debug|Any CPU
		{552CDDBE-E58E-4E9E-96B3-3EE5592992BF}.Debug|x64.ActiveCfg = Debug|Any CPU
		{552CDDBE-E58E-4E9E-96B3-3EE5592992BF}.Debug|x64.Build.0 = Debug|Any CPU
		{552CDDBE-E58E-4E9E-96B3-3EE5592992BF}.Release|Any CPU.ActiveCfg = Release|Any CPU
		{552CDDBE-E58E-4E9E-96B3-3EE5592992BF}.Release|Any CPU.Build.0 = Release|Any CPU
		{552CDDBE-E58E-4E9E-96B3-3EE5592992BF}.Release|x64.ActiveCfg = Release|Any CPU
		{552CDDBE-E58E-4E9E-96B3-3EE5592992BF}.Release|x64.Build.0 = Release|Any CPU
		{7F854EB7-2250-4E49-95C9-74E6C750FB5C}.Debug|Any CPU.ActiveCfg = Debug|Any CPU
		{7F854EB7-2250-4E49-95C9-74E6C750FB5C}.Debug|Any CPU.Build.0 = Debug|Any CPU
		{7F854EB7-2250-4E49-95C9-74E6C750FB5C}.Debug|x64.ActiveCfg = Debug|Any CPU
		{7F854EB7-2250-4E49-95C9-74E6C750FB5C}.Debug|x64.Build.0 = Debug|Any CPU
		{7F854EB7-2250-4E49-95C9-74E6C750FB5C}.Release|Any CPU.ActiveCfg = Release|Any CPU
		{7F854EB7-2250-4E49-95C9-74E6C750FB5C}.Release|Any CPU.Build.0 = Release|Any CPU
		{7F854EB7-2250-4E49-95C9-74E6C750FB5C}.Release|x64.ActiveCfg = Release|Any CPU
		{7F854EB7-2250-4E49-95C9-74E6C750FB5C}.Release|x64.Build.0 = Release|Any CPU
	EndGlobalSection
	GlobalSection(SolutionProperties) = preSolution
		HideSolutionNode = FALSE
	EndGlobalSection
	GlobalSection(ExtensibilityGlobals) = postSolution
		SolutionGuid = {416AD707-FE50-4C6B-839D-BDF915771DCF}
	EndGlobalSection
EndGlobal
